
Microsoft Visual Studio Solution File, Format Version 12.00
# Visual Studio 15
VisualStudioVersion = 15.0.26124.0
MinimumVisualStudioVersion = 15.0.26124.0
Project("{FAE04EC0-301F-11D3-BF4B-00C04F79EFBC}") = "CQRS.Transactions", "src/CQRS.Transactions/CQRS.Transactions.csproj", "{8604BC4D-A83C-44E3-B82F-3B861DFD4470}"
EndProject
Project("{FAE04EC0-301F-11D3-BF4B-00C04F79EFBC}") = "CQRS.Transactions.Tests", "src/CQRS.Transactions.Tests/CQRS.Transactions.Tests.csproj", "{6E1D8CC4-F8C8-43C4-B45D-51AA9C5E57EE}"
EndProject
Global
	GlobalSection(SolutionConfigurationPlatforms) = preSolution
		Debug|Any CPU = Debug|Any CPU
		Debug|x64 = Debug|x64
		Debug|x86 = Debug|x86
		Release|Any CPU = Release|Any CPU
		Release|x64 = Release|x64
		Release|x86 = Release|x86
	EndGlobalSection
	GlobalSection(SolutionProperties) = preSolution
		HideSolutionNode = FALSE
	EndGlobalSection
	GlobalSection(ProjectConfigurationPlatforms) = postSolution
		{8604BC4D-A83C-44E3-B82F-3B861DFD4470}.Debug|Any CPU.ActiveCfg = Debug|Any CPU
		{8604BC4D-A83C-44E3-B82F-3B861DFD4470}.Debug|Any CPU.Build.0 = Debug|Any CPU
		{8604BC4D-A83C-44E3-B82F-3B861DFD4470}.Debug|x64.ActiveCfg = Debug|Any CPU
		{8604BC4D-A83C-44E3-B82F-3B861DFD4470}.Debug|x64.Build.0 = Debug|Any CPU
		{8604BC4D-A83C-44E3-B82F-3B861DFD4470}.Debug|x86.ActiveCfg = Debug|Any CPU
		{8604BC4D-A83C-44E3-B82F-3B861DFD4470}.Debug|x86.Build.0 = Debug|Any CPU
		{8604BC4D-A83C-44E3-B82F-3B861DFD4470}.Release|Any CPU.ActiveCfg = Release|Any CPU
		{8604BC4D-A83C-44E3-B82F-3B861DFD4470}.Release|Any CPU.Build.0 = Release|Any CPU
		{8604BC4D-A83C-44E3-B82F-3B861DFD4470}.Release|x64.ActiveCfg = Release|Any CPU
		{8604BC4D-A83C-44E3-B82F-3B861DFD4470}.Release|x64.Build.0 = Release|Any CPU
		{8604BC4D-A83C-44E3-B82F-3B861DFD4470}.Release|x86.ActiveCfg = Release|Any CPU
		{8604BC4D-A83C-44E3-B82F-3B861DFD4470}.Release|x86.Build.0 = Release|Any CPU
		{6E1D8CC4-F8C8-43C4-B45D-51AA9C5E57EE}.Debug|Any CPU.ActiveCfg = Debug|Any CPU
		{6E1D8CC4-F8C8-43C4-B45D-51AA9C5E57EE}.Debug|Any CPU.Build.0 = Debug|Any CPU
		{6E1D8CC4-F8C8-43C4-B45D-51AA9C5E57EE}.Debug|x64.ActiveCfg = Debug|Any CPU
		{6E1D8CC4-F8C8-43C4-B45D-51AA9C5E57EE}.Debug|x64.Build.0 = Debug|Any CPU
		{6E1D8CC4-F8C8-43C4-B45D-51AA9C5E57EE}.Debug|x86.ActiveCfg = Debug|Any CPU
		{6E1D8CC4-F8C8-43C4-B45D-51AA9C5E57EE}.Debug|x86.Build.0 = Debug|Any CPU
		{6E1D8CC4-F8C8-43C4-B45D-51AA9C5E57EE}.Release|Any CPU.ActiveCfg = Release|Any CPU
		{6E1D8CC4-F8C8-43C4-B45D-51AA9C5E57EE}.Release|Any CPU.Build.0 = Release|Any CPU
		{6E1D8CC4-F8C8-43C4-B45D-51AA9C5E57EE}.Release|x64.ActiveCfg = Release|Any CPU
		{6E1D8CC4-F8C8-43C4-B45D-51AA9C5E57EE}.Release|x64.Build.0 = Release|Any CPU
		{6E1D8CC4-F8C8-43C4-B45D-51AA9C5E57EE}.Release|x86.ActiveCfg = Release|Any CPU
		{6E1D8CC4-F8C8-43C4-B45D-51AA9C5E57EE}.Release|x86.Build.0 = Release|Any CPU
	EndGlobalSection
EndGlobal
